
Microsoft Visual Studio Solution File, Format Version 12.00
# Visual Studio Version 16
VisualStudioVersion = 16.0.31624.102
MinimumVisualStudioVersion = 10.0.40219.1
Project("{2150E333-8FDC-42A3-9474-1A3956D46DE8}") = "src", "src", "{CD4291EF-2CAB-4DEB-A2BC-4E5782BBEA3A}"
EndProject
Project("{2150E333-8FDC-42A3-9474-1A3956D46DE8}") = "corePackages", "corePackages", "{E0C047F6-76A3-4A10-9F24-013175ED51B5}"
EndProject
Project("{2150E333-8FDC-42A3-9474-1A3956D46DE8}") = "rentACar", "rentACar", "{720B7D0B-D13E-4D45-9A5B-33110C5C6DF2}"
EndProject
Project("{FAE04EC0-301F-11D3-BF4B-00C04F79EFBC}") = "Domain", "src\rentACar\Domain\Domain.csproj", "{74DD3C3C-A52D-4D96-81C7-4F7C1BD1F6F4}"
EndProject
Project("{FAE04EC0-301F-11D3-BF4B-00C04F79EFBC}") = "Application", "src\rentACar\Application\Application.csproj", "{FE83EABB-5275-408B-BCBC-6506F7A135FE}"
EndProject
Project("{FAE04EC0-301F-11D3-BF4B-00C04F79EFBC}") = "Persistence", "src\rentACar\Persistence\Persistence.csproj", "{31E6681A-FEEB-4318-8278-3A79A45CE8F4}"
EndProject
Project("{FAE04EC0-301F-11D3-BF4B-00C04F79EFBC}") = "Infrastructure", "src\rentACar\Infrastructure\Infrastructure.csproj", "{06C0325D-5D86-4BF0-A187-281ED5803A80}"
EndProject
Project("{FAE04EC0-301F-11D3-BF4B-00C04F79EFBC}") = "WebAPI", "src\rentACar\WebAPI\WebAPI.csproj", "{8429CAEC-E07E-450F-A742-71BC381675F8}"
EndProject
Global
	GlobalSection(SolutionConfigurationPlatforms) = preSolution
		Debug|Any CPU = Debug|Any CPU
		Release|Any CPU = Release|Any CPU
	EndGlobalSection
	GlobalSection(ProjectConfigurationPlatforms) = postSolution
		{74DD3C3C-A52D-4D96-81C7-4F7C1BD1F6F4}.Debug|Any CPU.ActiveCfg = Debug|Any CPU
		{74DD3C3C-A52D-4D96-81C7-4F7C1BD1F6F4}.Debug|Any CPU.Build.0 = Debug|Any CPU
		{74DD3C3C-A52D-4D96-81C7-4F7C1BD1F6F4}.Release|Any CPU.ActiveCfg = Release|Any CPU
		{74DD3C3C-A52D-4D96-81C7-4F7C1BD1F6F4}.Release|Any CPU.Build.0 = Release|Any CPU
		{FE83EABB-5275-408B-BCBC-6506F7A135FE}.Debug|Any CPU.ActiveCfg = Debug|Any CPU
		{FE83EABB-5275-408B-BCBC-6506F7A135FE}.Debug|Any CPU.Build.0 = Debug|Any CPU
		{FE83EABB-5275-408B-BCBC-6506F7A135FE}.Release|Any CPU.ActiveCfg = Release|Any CPU
		{FE83EABB-5275-408B-BCBC-6506F7A135FE}.Release|Any CPU.Build.0 = Release|Any CPU
		{31E6681A-FEEB-4318-8278-3A79A45CE8F4}.Debug|Any CPU.ActiveCfg = Debug|Any CPU
		{31E6681A-FEEB-4318-8278-3A79A45CE8F4}.Debug|Any CPU.Build.0 = Debug|Any CPU
		{31E6681A-FEEB-4318-8278-3A79A45CE8F4}.Release|Any CPU.ActiveCfg = Release|Any CPU
		{31E6681A-FEEB-4318-8278-3A79A45CE8F4}.Release|Any CPU.Build.0 = Release|Any CPU
		{06C0325D-5D86-4BF0-A187-281ED5803A80}.Debug|Any CPU.ActiveCfg = Debug|Any CPU
		{06C0325D-5D86-4BF0-A187-281ED5803A80}.Debug|Any CPU.Build.0 = Debug|Any CPU
		{06C0325D-5D86-4BF0-A187-281ED5803A80}.Release|Any CPU.ActiveCfg = Release|Any CPU
		{06C0325D-5D86-4BF0-A187-281ED5803A80}.Release|Any CPU.Build.0 = Release|Any CPU
		{8429CAEC-E07E-450F-A742-71BC381675F8}.Debug|Any CPU.ActiveCfg = Debug|Any CPU
		{8429CAEC-E07E-450F-A742-71BC381675F8}.Debug|Any CPU.Build.0 = Debug|Any CPU
		{8429CAEC-E07E-450F-A742-71BC381675F8}.Release|Any CPU.ActiveCfg = Release|Any CPU
		{8429CAEC-E07E-450F-A742-71BC381675F8}.Release|Any CPU.Build.0 = Release|Any CPU
	EndGlobalSection
	GlobalSection(SolutionProperties) = preSolution
		HideSolutionNode = FALSE
	EndGlobalSection
	GlobalSection(NestedProjects) = preSolution
		{E0C047F6-76A3-4A10-9F24-013175ED51B5} = {CD4291EF-2CAB-4DEB-A2BC-4E5782BBEA3A}
		{720B7D0B-D13E-4D45-9A5B-33110C5C6DF2} = {CD4291EF-2CAB-4DEB-A2BC-4E5782BBEA3A}
		{74DD3C3C-A52D-4D96-81C7-4F7C1BD1F6F4} = {720B7D0B-D13E-4D45-9A5B-33110C5C6DF2}
		{FE83EABB-5275-408B-BCBC-6506F7A135FE} = {720B7D0B-D13E-4D45-9A5B-33110C5C6DF2}
		{31E6681A-FEEB-4318-8278-3A79A45CE8F4} = {720B7D0B-D13E-4D45-9A5B-33110C5C6DF2}
		{06C0325D-5D86-4BF0-A187-281ED5803A80} = {720B7D0B-D13E-4D45-9A5B-33110C5C6DF2}
		{8429CAEC-E07E-450F-A742-71BC381675F8} = {720B7D0B-D13E-4D45-9A5B-33110C5C6DF2}
	EndGlobalSection
	GlobalSection(ExtensibilityGlobals) = postSolution
		SolutionGuid = {C235A947-7F60-4116-8AC2-F5440C6BF133}
	EndGlobalSection
EndGlobal
